// !$*UTF8*$!
{
	archiveVersion = 1;
	classes = {
	};
	objectVersion = 46;
	objects = {

/* Begin PBXBuildFile section */
		F383CC801E5DB94400115B14 /* AppDelegate.swift in Sources */ = {isa = PBXBuildFile; fileRef = F383CC7F1E5DB94400115B14 /* AppDelegate.swift */; };
		F383CC821E5DB94400115B14 /* ViewController.swift in Sources */ = {isa = PBXBuildFile; fileRef = F383CC811E5DB94400115B14 /* ViewController.swift */; };
		F383CC881E5DB94500115B14 /* LoginDB.xcdatamodeld in Sources */ = {isa = PBXBuildFile; fileRef = F383CC861E5DB94500115B14 /* LoginDB.xcdatamodeld */; };
		F383CC8A1E5DB94500115B14 /* Assets.xcassets in Resources */ = {isa = PBXBuildFile; fileRef = F383CC891E5DB94500115B14 /* Assets.xcassets */; };
		F383CC8D1E5DB94500115B14 /* LaunchScreen.storyboard in Resources */ = {isa = PBXBuildFile; fileRef = F383CC8B1E5DB94500115B14 /* LaunchScreen.storyboard */; };
		F383CC951E5DBBC200115B14 /* Register.swift in Sources */ = {isa = PBXBuildFile; fileRef = F383CC941E5DBBC200115B14 /* Register.swift */; };
		F383CC971E5DC8DA00115B14 /* Main.storyboard in Resources */ = {isa = PBXBuildFile; fileRef = F383CC961E5DC8DA00115B14 /* Main.storyboard */; };
/* End PBXBuildFile section */

/* Begin PBXFileReference section */
		F383CC7C1E5DB94400115B14 /* LoginDB.app */ = {isa = PBXFileReference; explicitFileType = wrapper.application; includeInIndex = 0; path = LoginDB.app; sourceTree = BUILT_PRODUCTS_DIR; };
		F383CC7F1E5DB94400115B14 /* AppDelegate.swift */ = {isa = PBXFileReference; lastKnownFileType = sourcecode.swift; path = AppDelegate.swift; sourceTree = "<group>"; };
		F383CC811E5DB94400115B14 /* ViewController.swift */ = {isa = PBXFileReference; lastKnownFileType = sourcecode.swift; path = ViewController.swift; sourceTree = "<group>"; };
		F383CC871E5DB94500115B14 /* LoginDB.xcdatamodel */ = {isa = PBXFileReference; lastKnownFileType = wrapper.xcdatamodel; path = LoginDB.xcdatamodel; sourceTree = "<group>"; };
		F383CC891E5DB94500115B14 /* Assets.xcassets */ = {isa = PBXFileReference; lastKnownFileType = folder.assetcatalog; path = Assets.xcassets; sourceTree = "<group>"; };
		F383CC8C1E5DB94500115B14 /* Base */ = {isa = PBXFileReference; lastKnownFileType = file.storyboard; name = Base; path = Base.lproj/LaunchScreen.storyboard; sourceTree = "<group>"; };
		F383CC8E1E5DB94500115B14 /* Info.plist */ = {isa = PBXFileReference; lastKnownFileType = text.plist.xml; path = Info.plist; sourceTree = "<group>"; };
		F383CC941E5DBBC200115B14 /* Register.swift */ = {isa = PBXFileReference; fileEncoding = 4; lastKnownFileType = sourcecode.swift; path = Register.swift; sourceTree = "<group>"; };
		F383CC961E5DC8DA00115B14 /* Main.storyboard */ = {isa = PBXFileReference; fileEncoding = 4; lastKnownFileType = file.storyboard; path = Main.storyboard; sourceTree = "<group>"; };
/* End PBXFileReference section */

/* Begin PBXFrameworksBuildPhase section */
		F383CC791E5DB94400115B14 /* Frameworks */ = {
			isa = PBXFrameworksBuildPhase;
			buildActionMask = 2147483647;
			files = (
			);
			runOnlyForDeploymentPostprocessing = 0;
		};
/* End PBXFrameworksBuildPhase section */

/* Begin PBXGroup section */
		F383CC731E5DB94400115B14 = {
			isa = PBXGroup;
			children = (
				F383CC7E1E5DB94400115B14 /* LoginDB */,
				F383CC7D1E5DB94400115B14 /* Products */,
			);
			sourceTree = "<group>";
		};
		F383CC7D1E5DB94400115B14 /* Products */ = {
			isa = PBXGroup;
			children = (
				F383CC7C1E5DB94400115B14 /* LoginDB.app */,
			);
			name = Products;
			sourceTree = "<group>";
		};
		F383CC7E1E5DB94400115B14 /* LoginDB */ = {
			isa = PBXGroup;
			children = (
				F383CC7F1E5DB94400115B14 /* AppDelegate.swift */,
				F383CC811E5DB94400115B14 /* ViewController.swift */,
				F383CC891E5DB94500115B14 /* Assets.xcassets */,
				F383CC961E5DC8DA00115B14 /* Main.storyboard */,
				F383CC8B1E5DB94500115B14 /* LaunchScreen.storyboard */,
				F383CC8E1E5DB94500115B14 /* Info.plist */,
				F383CC861E5DB94500115B14 /* LoginDB.xcdatamodeld */,
				F383CC941E5DBBC200115B14 /* Register.swift */,
			);
			path = LoginDB;
			sourceTree = "<group>";
		};
/* End PBXGroup section */

/* Begin PBXNativeTarget section */
		F383CC7B1E5DB94400115B14 /* LoginDB */ = {
			isa = PBXNativeTarget;
			buildConfigurationList = F383CC911E5DB94500115B14 /* Build configuration list for PBXNativeTarget "LoginDB" */;
			buildPhases = (
				F383CC781E5DB94400115B14 /* Sources */,
				F383CC791E5DB94400115B14 /* Frameworks */,
				F383CC7A1E5DB94400115B14 /* Resources */,
			);
			buildRules = (
			);
			dependencies = (
			);
			name = LoginDB;
			productName = LoginDB;
			productReference = F383CC7C1E5DB94400115B14 /* LoginDB.app */;
			productType = "com.apple.product-type.application";
		};
/* End PBXNativeTarget section */

/* Begin PBXProject section */
		F383CC741E5DB94400115B14 /* Project object */ = {
			isa = PBXProject;
			attributes = {
				LastSwiftUpdateCheck = 0800;
				LastUpgradeCheck = 0800;
				ORGANIZATIONNAME = Mitosis;
				TargetAttributes = {
					F383CC7B1E5DB94400115B14 = {
						CreatedOnToolsVersion = 8.0;
						ProvisioningStyle = Automatic;
					};
				};
			};
			buildConfigurationList = F383CC771E5DB94400115B14 /* Build configuration list for PBXProject "LoginDB" */;
			compatibilityVersion = "Xcode 3.2";
			developmentRegion = English;
			hasScannedForEncodings = 0;
			knownRegions = (
				en,
				Base,
			);
			mainGroup = F383CC731E5DB94400115B14;
			productRefGroup = F383CC7D1E5DB94400115B14 /* Products */;
			projectDirPath = "";
			projectRoot = "";
			targets = (
				F383CC7B1E5DB94400115B14 /* LoginDB */,
			);
		};
/* End PBXProject section */

/* Begin PBXResourcesBuildPhase section */
		F383CC7A1E5DB94400115B14 /* Resources */ = {
			isa = PBXResourcesBuildPhase;
			buildActionMask = 2147483647;
			files = (
				F383CC8D1E5DB94500115B14 /* LaunchScreen.storyboard in Resources */,
				F383CC8A1E5DB94500115B14 /* Assets.xcassets in Resources */,
				F383CC971E5DC8DA00115B14 /* Main.storyboard in Resources */,
			);
			runOnlyForDeploymentPostprocessing = 0;
		};
/* End PBXResourcesBuildPhase section */

/* Begin PBXSourcesBuildPhase section */
		F383CC781E5DB94400115B14 /* Sources */ = {
			isa = PBXSourcesBuildPhase;
			buildActionMask = 2147483647;
			files = (
				F383CC881E5DB94500115B14 /* LoginDB.xcdatamodeld in Sources */,
				F383CC821E5DB94400115B14 /* ViewController.swift in Sources */,
				F383CC951E5DBBC200115B14 /* Register.swift in Sources */,
				F383CC801E5DB94400115B14 /* AppDelegate.swift in Sources */,
			);
			runOnlyForDeploymentPostprocessing = 0;
		};
/* End PBXSourcesBuildPhase section */

/* Begin PBXVariantGroup section */
		F383CC8B1E5DB94500115B14 /* LaunchScreen.storyboard */ = {
			isa = PBXVariantGroup;
			children = (
				F383CC8C1E5DB94500115B14 /* Base */,
			);
			name = LaunchScreen.storyboard;
			sourceTree = "<group>";
		};
/* End PBXVariantGroup section */

/* Begin XCBuildConfiguration section */
		F383CC8F1E5DB94500115B14 /* Debug */ = {
			isa = XCBuildConfiguration;
			buildSettings = {
				ALWAYS_SEARCH_USER_PATHS = NO;
				CLANG_ANALYZER_NONNULL = YES;
				CLANG_CXX_LANGUAGE_STANDARD = "gnu++0x";
				CLANG_CXX_LIBRARY = "libc++";
				CLANG_ENABLE_MODULES = YES;
				CLANG_ENABLE_OBJC_ARC = YES;
				CLANG_WARN_BOOL_CONVERSION = YES;
				CLANG_WARN_CONSTANT_CONVERSION = YES;
				CLANG_WARN_DIRECT_OBJC_ISA_USAGE = YES_ERROR;
				CLANG_WARN_DOCUMENTATION_COMMENTS = YES;
				CLANG_WARN_EMPTY_BODY = YES;
				CLANG_WARN_ENUM_CONVERSION = YES;
				CLANG_WARN_INFINITE_RECURSION = YES;
				CLANG_WARN_INT_CONVERSION = YES;
				CLANG_WARN_OBJC_ROOT_CLASS = YES_ERROR;
				CLANG_WARN_SUSPICIOUS_MOVES = YES;
				CLANG_WARN_UNREACHABLE_CODE = YES;
				CLANG_WARN__DUPLICATE_METHOD_MATCH = YES;
				"CODE_SIGN_IDENTITY[sdk=iphoneos*]" = "iPhone Developer";
				COPY_PHASE_STRIP = NO;
				DEBUG_INFORMATION_FORMAT = dwarf;
				ENABLE_STRICT_OBJC_MSGSEND = YES;
				ENABLE_TESTABILITY = YES;
				GCC_C_LANGUAGE_STANDARD = gnu99;
				GCC_DYNAMIC_NO_PIC = NO;
				GCC_NO_COMMON_BLOCKS = YES;
				GCC_OPTIMIZATION_LEVEL = 0;
				GCC_PREPROCESSOR_DEFINITIONS = (
					"DEBUG=1",
					"$(inherited)",
				);
				GCC_WARN_64_TO_32_BIT_CONVERSION = YES;
				GCC_WARN_ABOUT_RETURN_TYPE = YES_ERROR;
				GCC_WARN_UNDECLARED_SELECTOR = YES;
				GCC_WARN_UNINITIALIZED_AUTOS = YES_AGGRESSIVE;
				GCC_WARN_UNUSED_FUNCTION = YES;
				GCC_WARN_UNUSED_VARIABLE = YES;
				IPHONEOS_DEPLOYMENT_TARGET = 10.0;
				MTL_ENABLE_DEBUG_INFO = YES;
				ONLY_ACTIVE_ARCH = YES;
				SDKROOT = iphoneos;
				SWIFT_ACTIVE_COMPILATION_CONDITIONS = DEBUG;
				SWIFT_OPTIMIZATION_LEVEL = "-Onone";
			};
			name = Debug;
		};
		F383CC901E5DB94500115B14 /* Release */ = {
			isa = XCBuildConfiguration;
			buildSettings = {
				ALWAYS_SEARCH_USER_PATHS = NO;
				CLANG_ANALYZER_NONNULL = YES;
				CLANG_CXX_LANGUAGE_STANDARD = "gnu++0x";
				CLANG_CXX_LIBRARY = "libc++";
				CLANG_ENABLE_MODULES = YES;
				CLANG_ENABLE_OBJC_ARC = YES;
				CLANG_WARN_BOOL_CONVERSION = YES;
				CLANG_WARN_CONSTANT_CONVERSION = YES;
				CLANG_WARN_DIRECT_OBJC_ISA_USAGE = YES_ERROR;
				CLANG_WARN_DOCUMENTATION_COMMENTS = YES;
				CLANG_WARN_EMPTY_BODY = YES;
				CLANG_WARN_ENUM_CONVERSION = YES;
				CLANG_WARN_INFINITE_RECURSION = YES;
				CLANG_WARN_INT_CONVERSION = YES;
				CLANG_WARN_OBJC_ROOT_CLASS = YES_ERROR;
				CLANG_WARN_SUSPICIOUS_MOVES = YES;
				CLANG_WARN_UNREACHABLE_CODE = YES;
				CLANG_WARN__DUPLICATE_METHOD_MATCH = YES;
				"CODE_SIGN_IDENTITY[sdk=iphoneos*]" = "iPhone Developer";
				COPY_PHASE_STRIP = NO;
				DEBUG_INFORMATION_FORMAT = "dwarf-with-dsym";
				ENABLE_NS_ASSERTIONS = NO;
				ENABLE_STRICT_OBJC_MSGSEND = YES;
				GCC_C_LANGUAGE_STANDARD = gnu99;
				GCC_NO_COMMON_BLOCKS = YES;
				GCC_WARN_64_TO_32_BIT_CONVERSION = YES;
				GCC_WARN_ABOUT_RETURN_TYPE = YES_ERROR;
				GCC_WARN_UNDECLARED_SELECTOR = YES;
				GCC_WARN_UNINITIALIZED_AUTOS = YES_AGGRESSIVE;
				GCC_WARN_UNUSED_FUNCTION = YES;
				GCC_WARN_UNUSED_VARIABLE = YES;
				IPHONEOS_DEPLOYMENT_TARGET = 10.0;
				MTL_ENABLE_DEBUG_INFO = NO;
				SDKROOT = iphoneos;
				SWIFT_OPTIMIZATION_LEVEL = "-Owholemodule";
				VALIDATE_PRODUCT = YES;
			};
			name = Release;
		};
		F383CC921E5DB94500115B14 /* Debug */ = {
			isa = XCBuildConfiguration;
			buildSettings = {
				ASSETCATALOG_COMPILER_APPICON_NAME = AppIcon;
				INFOPLIST_FILE = LoginDB/Info.plist;
				LD_RUNPATH_SEARCH_PATHS = "$(inherited) @executable_path/Frameworks";
				PRODUCT_BUNDLE_IDENTIFIER = com.mitosis.LoginDB;
				PRODUCT_NAME = "$(TARGET_NAME)";
				SWIFT_VERSION = 3.0;
			};
			name = Debug;
		};
		F383CC931E5DB94500115B14 /* Release */ = {
			isa = XCBuildConfiguration;
			buildSettings = {
				ASSETCATALOG_COMPILER_APPICON_NAME = AppIcon;
				INFOPLIST_FILE = LoginDB/Info.plist;
				LD_RUNPATH_SEARCH_PATHS = "$(inherited) @executable_path/Frameworks";
				PRODUCT_BUNDLE_IDENTIFIER = com.mitosis.LoginDB;
				PRODUCT_NAME = "$(TARGET_NAME)";
				SWIFT_VERSION = 3.0;
			};
			name = Release;
		};
/* End XCBuildConfiguration section */

/* Begin XCConfigurationList section */
		F383CC771E5DB94400115B14 /* Build configuration list for PBXProject "LoginDB" */ = {
			isa = XCConfigurationList;
			buildConfigurations = (
				F383CC8F1E5DB94500115B14 /* Debug */,
				F383CC901E5DB94500115B14 /* Release */,
			);
			defaultConfigurationIsVisible = 0;
			defaultConfigurationName = Release;
		};
		F383CC911E5DB94500115B14 /* Build configuration list for PBXNativeTarget "LoginDB" */ = {
			isa = XCConfigurationList;
			buildConfigurations = (
				F383CC921E5DB94500115B14 /* Debug */,
				F383CC931E5DB94500115B14 /* Release */,
			);
			defaultConfigurationIsVisible = 0;
		};
/* End XCConfigurationList section */

/* Begin XCVersionGroup section */
		F383CC861E5DB94500115B14 /* LoginDB.xcdatamodeld */ = {
			isa = XCVersionGroup;
			children = (
				F383CC871E5DB94500115B14 /* LoginDB.xcdatamodel */,
			);
			currentVersion = F383CC871E5DB94500115B14 /* LoginDB.xcdatamodel */;
			path = LoginDB.xcdatamodeld;
			sourceTree = "<group>";
			versionGroupType = wrapper.xcdatamodel;
		};
/* End XCVersionGroup section */
	};
	rootObject = F383CC741E5DB94400115B14 /* Project object */;
}
